
Microsoft Visual Studio Solution File, Format Version 12.00
# Visual Studio Version 17
VisualStudioVersion = 17.1.32228.430
MinimumVisualStudioVersion = 10.0.40219.1
Project("{FAE04EC0-301F-11D3-BF4B-00C04F79EFBC}") = "WinFormsApp1", "WinFormsApp1\WinFormsApp1.csproj", "{EA0BCCC5-18D2-4412-8922-AF2C91E3D6E2}"
EndProject
Global
	GlobalSection(SolutionConfigurationPlatforms) = preSolution
		Debug|Any CPU = Debug|Any CPU
		Release|Any CPU = Release|Any CPU
	EndGlobalSection
	GlobalSection(ProjectConfigurationPlatforms) = postSolution
		{EA0BCCC5-18D2-4412-8922-AF2C91E3D6E2}.Debug|Any CPU.ActiveCfg = Debug|Any CPU
		{EA0BCCC5-18D2-4412-8922-AF2C91E3D6E2}.Debug|Any CPU.Build.0 = Debug|Any CPU
		{EA0BCCC5-18D2-4412-8922-AF2C91E3D6E2}.Release|Any CPU.ActiveCfg = Release|Any CPU
		{EA0BCCC5-18D2-4412-8922-AF2C91E3D6E2}.Release|Any CPU.Build.0 = Release|Any CPU
	EndGlobalSection
	GlobalSection(SolutionProperties) = preSolution
		HideSolutionNode = FALSE
	EndGlobalSection
	GlobalSection(ExtensibilityGlobals) = postSolution
		SolutionGuid = {D096D948-888D-4890-A0B3-965FE47885A7}
	EndGlobalSection
EndGlobal
